
Microsoft Visual Studio Solution File, Format Version 12.00
# Visual Studio Version 17
VisualStudioVersion = 17.4.33110.190
MinimumVisualStudioVersion = 10.0.40219.1
Project("{9A19103F-16F7-4668-BE54-9A1E7A4F7556}") = "CarRentalPrice", "Rent a Car\CarRentalPrice.csproj", "{BECD434D-B199-4B5D-A0BE-6C173A27285A}"
EndProject
Project("{9A19103F-16F7-4668-BE54-9A1E7A4F7556}") = "CarRentalPriceTests", "CarRentalPriceTests\CarRentalPriceTests.csproj", "{7EFD283A-4919-4BAC-8988-A7DF623B4CE4}"
EndProject
Global
	GlobalSection(SolutionConfigurationPlatforms) = preSolution
		Debug|Any CPU = Debug|Any CPU
		Release|Any CPU = Release|Any CPU
	EndGlobalSection
	GlobalSection(ProjectConfigurationPlatforms) = postSolution
		{BECD434D-B199-4B5D-A0BE-6C173A27285A}.Debug|Any CPU.ActiveCfg = Debug|Any CPU
		{BECD434D-B199-4B5D-A0BE-6C173A27285A}.Debug|Any CPU.Build.0 = Debug|Any CPU
		{BECD434D-B199-4B5D-A0BE-6C173A27285A}.Release|Any CPU.ActiveCfg = Release|Any CPU
		{BECD434D-B199-4B5D-A0BE-6C173A27285A}.Release|Any CPU.Build.0 = Release|Any CPU
		{7EFD283A-4919-4BAC-8988-A7DF623B4CE4}.Debug|Any CPU.ActiveCfg = Debug|Any CPU
		{7EFD283A-4919-4BAC-8988-A7DF623B4CE4}.Debug|Any CPU.Build.0 = Debug|Any CPU
		{7EFD283A-4919-4BAC-8988-A7DF623B4CE4}.Release|Any CPU.ActiveCfg = Release|Any CPU
		{7EFD283A-4919-4BAC-8988-A7DF623B4CE4}.Release|Any CPU.Build.0 = Release|Any CPU
	EndGlobalSection
	GlobalSection(SolutionProperties) = preSolution
		HideSolutionNode = FALSE
	EndGlobalSection
	GlobalSection(ExtensibilityGlobals) = postSolution
		SolutionGuid = {2200208E-11D6-45DE-BF14-A885BA9BC649}
	EndGlobalSection
EndGlobal
